
Microsoft Visual Studio Solution File, Format Version 12.00
# Visual Studio Version 17
VisualStudioVersion = 17.8.34601.278
MinimumVisualStudioVersion = 10.0.40219.1
Project("{FAE04EC0-301F-11D3-BF4B-00C04F79EFBC}") = "TemplateKodlamaio", "TemplateKodlamaio\TemplateKodlamaio.csproj", "{DF87933B-4A60-4E12-8F27-24B25372FE72}"
EndProject
Global
	GlobalSection(SolutionConfigurationPlatforms) = preSolution
		Debug|Any CPU = Debug|Any CPU
		Release|Any CPU = Release|Any CPU
	EndGlobalSection
	GlobalSection(ProjectConfigurationPlatforms) = postSolution
		{DF87933B-4A60-4E12-8F27-24B25372FE72}.Debug|Any CPU.ActiveCfg = Debug|Any CPU
		{DF87933B-4A60-4E12-8F27-24B25372FE72}.Debug|Any CPU.Build.0 = Debug|Any CPU
		{DF87933B-4A60-4E12-8F27-24B25372FE72}.Release|Any CPU.ActiveCfg = Release|Any CPU
		{DF87933B-4A60-4E12-8F27-24B25372FE72}.Release|Any CPU.Build.0 = Release|Any CPU
	EndGlobalSection
	GlobalSection(SolutionProperties) = preSolution
		HideSolutionNode = FALSE
	EndGlobalSection
	GlobalSection(ExtensibilityGlobals) = postSolution
		SolutionGuid = {010FDFE9-E9B5-4993-B3FC-56FFE45FF407}
	EndGlobalSection
EndGlobal
